# requirements.lock -- frozen transitive dependency tree.
#
# Generated by `pip freeze` against the M5 dev venv on 2026-04 with Python 3.12.13.
# Use this to reproduce the *exact* environment in CI / Docker / Streamlit Cloud:
#
#   pip install -r requirements.lock              # production
#   pip install -r requirements.lock -r requirements-dev.txt  # dev
#
# When you intentionally upgrade a top-level dep, edit requirements.txt /
# requirements-dev.txt, recreate the venv, then regenerate this file with:
#
#   pip freeze | grep -v '^-e ' | sort > requirements.lock
altair==6.0.0
attrs==26.1.0
babel==2.18.0
backrefs==6.2
bandit==1.9.4
blinker==1.9.0
boolean.py==5.0
CacheControl==0.14.4
cachetools==7.0.5
certifi==2026.2.25
cfgv==3.5.0
charset-normalizer==3.4.7
click==8.3.2
colorama==0.4.6
contourpy==1.3.3
coverage==7.13.5
cycler==0.12.1
cyclonedx-python-lib==11.7.0
defusedxml==0.7.1
distlib==0.4.0
et_xmlfile==2.0.0
filelock==3.28.0
fonttools==4.62.1
ghp-import==2.1.0
gitdb==4.0.12
GitPython==3.1.46
griffe==2.0.2
griffecli==2.0.2
griffelib==2.0.2
hypothesis==6.152.1
identify==2.6.19
idna==3.11
iniconfig==2.3.0
Jinja2==3.1.6
jsonschema-specifications==2025.9.1
jsonschema==4.26.0
kiwisolver==1.5.0
libcst==1.8.6
librt==0.9.0
license-expression==30.4.4
linkify-it-py==2.1.0
markdown-it-py==4.0.0
Markdown==3.10.2
MarkupSafe==3.0.3
matplotlib==3.10.8
mdit-py-plugins==0.5.0
mdurl==0.1.2
mergedeep==1.3.4
mkdocs-autorefs==1.4.4
mkdocs-get-deps==0.2.2
mkdocs-material-extensions==1.3.1
mkdocs-material==9.7.6
mkdocs==1.6.1
mkdocstrings-python==1.13.0
mkdocstrings==0.27.0
msgpack==1.1.2
mutmut==3.5.0
mypy==1.20.1
mypy_extensions==1.1.0
narwhals==2.19.0
nodeenv==1.10.0
numpy==2.4.4
openpyxl==3.1.5
packageurl-python==0.17.6
packaging==26.1
paginate==0.5.7
pandas-stubs==3.0.0.260204
pandas==3.0.2
pathspec==1.0.4
pillow==12.2.0
pip-api==0.0.34
pip-requirements-parser==32.0.1
pip_audit==2.10.0
platformdirs==4.9.6
pluggy==1.6.0
pre_commit==4.5.1
protobuf==7.34.1
py-cpuinfo==9.0.0
py-serializable==2.1.0
pyarrow==23.0.1
pydeck==0.9.2
Pygments==2.20.0
pymdown-extensions==10.21.2
pyparsing==3.3.2
pytest-benchmark==5.2.3
pytest-cov==6.0.0
pytest-html==4.2.0
pytest-metadata==3.1.1
pytest==9.0.3
python-dateutil==2.9.0.post0
python-discovery==1.2.2
PyYAML==6.0.3
pyyaml_env_tag==1.1
referencing==0.37.0
regex==2026.4.4
requests==2.33.1
rich==15.0.0
rpds-py==0.30.0
ruff==0.15.11
setproctitle==1.3.7
six==1.17.0
smmap==5.0.3
sortedcontainers==2.4.0
stevedore==5.7.0
streamlit==1.56.0
tenacity==9.1.4
textual==8.2.3
toml==0.10.2
tomli==2.4.1
tomli_w==1.2.0
tornado==6.5.5
types-openpyxl==3.1.5.20260408
typing_extensions==4.15.0
uc-micro-py==2.0.0
urllib3==2.6.3
virtualenv==21.2.4
watchdog==6.0.0
